// !$*UTF8*$!
{
	archiveVersion = 1;
	classes = {
	};
	objectVersion = 50;
	objects = {

/* Begin PBXBuildFile section */
		5E9ADBF226A030A30080D0B8 /* AppDelegate.swift in Sources */ = {isa = PBXBuildFile; fileRef = 5E9ADBF126A030A30080D0B8 /* AppDelegate.swift */; };
		5E9ADBF426A030A30080D0B8 /* SceneDelegate.swift in Sources */ = {isa = PBXBuildFile; fileRef = 5E9ADBF326A030A30080D0B8 /* SceneDelegate.swift */; };
		5E9ADBF626A030A30080D0B8 /* ViewController.swift in Sources */ = {isa = PBXBuildFile; fileRef = 5E9ADBF526A030A30080D0B8 /* ViewController.swift */; };
		5E9ADBF926A030A30080D0B8 /* Main.storyboard in Resources */ = {isa = PBXBuildFile; fileRef = 5E9ADBF726A030A30080D0B8 /* Main.storyboard */; };
		5E9ADBFC26A030A30080D0B8 /* AppointmentProject.xcdatamodeld in Sources */ = {isa = PBXBuildFile; fileRef = 5E9ADBFA26A030A30080D0B8 /* AppointmentProject.xcdatamodeld */; };
		5E9ADBFE26A030A50080D0B8 /* Assets.xcassets in Resources */ = {isa = PBXBuildFile; fileRef = 5E9ADBFD26A030A50080D0B8 /* Assets.xcassets */; };
		5E9ADC0126A030A50080D0B8 /* LaunchScreen.storyboard in Resources */ = {isa = PBXBuildFile; fileRef = 5E9ADBFF26A030A50080D0B8 /* LaunchScreen.storyboard */; };
		5E9ADC0C26A030A50080D0B8 /* AppointmentProjectTests.swift in Sources */ = {isa = PBXBuildFile; fileRef = 5E9ADC0B26A030A50080D0B8 /* AppointmentProjectTests.swift */; };
		5E9ADC1726A030A50080D0B8 /* AppointmentProjectUITests.swift in Sources */ = {isa = PBXBuildFile; fileRef = 5E9ADC1626A030A50080D0B8 /* AppointmentProjectUITests.swift */; };
/* End PBXBuildFile section */

/* Begin PBXContainerItemProxy section */
		5E9ADC0826A030A50080D0B8 /* PBXContainerItemProxy */ = {
			isa = PBXContainerItemProxy;
			containerPortal = 5E9ADBE626A030A30080D0B8 /* Project object */;
			proxyType = 1;
			remoteGlobalIDString = 5E9ADBED26A030A30080D0B8;
			remoteInfo = AppointmentProject;
		};
		5E9ADC1326A030A50080D0B8 /* PBXContainerItemProxy */ = {
			isa = PBXContainerItemProxy;
			containerPortal = 5E9ADBE626A030A30080D0B8 /* Project object */;
			proxyType = 1;
			remoteGlobalIDString = 5E9ADBED26A030A30080D0B8;
			remoteInfo = AppointmentProject;
		};
/* End PBXContainerItemProxy section */

/* Begin PBXFileReference section */
		5E9ADBEE26A030A30080D0B8 /* AppointmentProject.app */ = {isa = PBXFileReference; explicitFileType = wrapper.application; includeInIndex = 0; path = AppointmentProject.app; sourceTree = BUILT_PRODUCTS_DIR; };
		5E9ADBF126A030A30080D0B8 /* AppDelegate.swift */ = {isa = PBXFileReference; lastKnownFileType = sourcecode.swift; path = AppDelegate.swift; sourceTree = "<group>"; };
		5E9ADBF326A030A30080D0B8 /* SceneDelegate.swift */ = {isa = PBXFileReference; lastKnownFileType = sourcecode.swift; path = SceneDelegate.swift; sourceTree = "<group>"; };
		5E9ADBF526A030A30080D0B8 /* ViewController.swift */ = {isa = PBXFileReference; lastKnownFileType = sourcecode.swift; path = ViewController.swift; sourceTree = "<group>"; };
		5E9ADBF826A030A30080D0B8 /* Base */ = {isa = PBXFileReference; lastKnownFileType = file.storyboard; name = Base; path = Base.lproj/Main.storyboard; sourceTree = "<group>"; };
		5E9ADBFB26A030A30080D0B8 /* AppointmentProject.xcdatamodel */ = {isa = PBXFileReference; lastKnownFileType = wrapper.xcdatamodel; path = AppointmentProject.xcdatamodel; sourceTree = "<group>"; };
		5E9ADBFD26A030A50080D0B8 /* Assets.xcassets */ = {isa = PBXFileReference; lastKnownFileType = folder.assetcatalog; path = Assets.xcassets; sourceTree = "<group>"; };
		5E9ADC0026A030A50080D0B8 /* Base */ = {isa = PBXFileReference; lastKnownFileType = file.storyboard; name = Base; path = Base.lproj/LaunchScreen.storyboard; sourceTree = "<group>"; };
		5E9ADC0226A030A50080D0B8 /* Info.plist */ = {isa = PBXFileReference; lastKnownFileType = text.plist.xml; path = Info.plist; sourceTree = "<group>"; };
		5E9ADC0726A030A50080D0B8 /* AppointmentProjectTests.xctest */ = {isa = PBXFileReference; explicitFileType = wrapper.cfbundle; includeInIndex = 0; path = AppointmentProjectTests.xctest; sourceTree = BUILT_PRODUCTS_DIR; };
		5E9ADC0B26A030A50080D0B8 /* AppointmentProjectTests.swift */ = {isa = PBXFileReference; lastKnownFileType = sourcecode.swift; path = AppointmentProjectTests.swift; sourceTree = "<group>"; };
		5E9ADC0D26A030A50080D0B8 /* Info.plist */ = {isa = PBXFileReference; lastKnownFileType = text.plist.xml; path = Info.plist; sourceTree = "<group>"; };
		5E9ADC1226A030A50080D0B8 /* AppointmentProjectUITests.xctest */ = {isa = PBXFileReference; explicitFileType = wrapper.cfbundle; includeInIndex = 0; path = AppointmentProjectUITests.xctest; sourceTree = BUILT_PRODUCTS_DIR; };
		5E9ADC1626A030A50080D0B8 /* AppointmentProjectUITests.swift */ = {isa = PBXFileReference; lastKnownFileType = sourcecode.swift; path = AppointmentProjectUITests.swift; sourceTree = "<group>"; };
		5E9ADC1826A030A50080D0B8 /* Info.plist */ = {isa = PBXFileReference; lastKnownFileType = text.plist.xml; path = Info.plist; sourceTree = "<group>"; };
/* End PBXFileReference section */

/* Begin PBXFrameworksBuildPhase section */
		5E9ADBEB26A030A30080D0B8 /* Frameworks */ = {
			isa = PBXFrameworksBuildPhase;
			buildActionMask = 2147483647;
			files = (
			);
			runOnlyForDeploymentPostprocessing = 0;
		};
		5E9ADC0426A030A50080D0B8 /* Frameworks */ = {
			isa = PBXFrameworksBuildPhase;
			buildActionMask = 2147483647;
			files = (
			);
			runOnlyForDeploymentPostprocessing = 0;
		};
		5E9ADC0F26A030A50080D0B8 /* Frameworks */ = {
			isa = PBXFrameworksBuildPhase;
			buildActionMask = 2147483647;
			files = (
			);
			runOnlyForDeploymentPostprocessing = 0;
		};
/* End PBXFrameworksBuildPhase section */

/* Begin PBXGroup section */
		5E9ADBE526A030A30080D0B8 = {
			isa = PBXGroup;
			children = (
				5E9ADBF026A030A30080D0B8 /* AppointmentProject */,
				5E9ADC0A26A030A50080D0B8 /* AppointmentProjectTests */,
				5E9ADC1526A030A50080D0B8 /* AppointmentProjectUITests */,
				5E9ADBEF26A030A30080D0B8 /* Products */,
			);
			sourceTree = "<group>";
		};
		5E9ADBEF26A030A30080D0B8 /* Products */ = {
			isa = PBXGroup;
			children = (
				5E9ADBEE26A030A30080D0B8 /* AppointmentProject.app */,
				5E9ADC0726A030A50080D0B8 /* AppointmentProjectTests.xctest */,
				5E9ADC1226A030A50080D0B8 /* AppointmentProjectUITests.xctest */,
			);
			name = Products;
			sourceTree = "<group>";
		};
		5E9ADBF026A030A30080D0B8 /* AppointmentProject */ = {
			isa = PBXGroup;
			children = (
				5E9ADBF126A030A30080D0B8 /* AppDelegate.swift */,
				5E9ADBF326A030A30080D0B8 /* SceneDelegate.swift */,
				5E9ADBF526A030A30080D0B8 /* ViewController.swift */,
				5E9ADBF726A030A30080D0B8 /* Main.storyboard */,
				5E9ADBFD26A030A50080D0B8 /* Assets.xcassets */,
				5E9ADBFF26A030A50080D0B8 /* LaunchScreen.storyboard */,
				5E9ADC0226A030A50080D0B8 /* Info.plist */,
				5E9ADBFA26A030A30080D0B8 /* AppointmentProject.xcdatamodeld */,
			);
			path = AppointmentProject;
			sourceTree = "<group>";
		};
		5E9ADC0A26A030A50080D0B8 /* AppointmentProjectTests */ = {
			isa = PBXGroup;
			children = (
				5E9ADC0B26A030A50080D0B8 /* AppointmentProjectTests.swift */,
				5E9ADC0D26A030A50080D0B8 /* Info.plist */,
			);
			path = AppointmentProjectTests;
			sourceTree = "<group>";
		};
		5E9ADC1526A030A50080D0B8 /* AppointmentProjectUITests */ = {
			isa = PBXGroup;
			children = (
				5E9ADC1626A030A50080D0B8 /* AppointmentProjectUITests.swift */,
				5E9ADC1826A030A50080D0B8 /* Info.plist */,
			);
			path = AppointmentProjectUITests;
			sourceTree = "<group>";
		};
/* End PBXGroup section */

/* Begin PBXNativeTarget section */
		5E9ADBED26A030A30080D0B8 /* AppointmentProject */ = {
			isa = PBXNativeTarget;
			buildConfigurationList = 5E9ADC1B26A030A50080D0B8 /* Build configuration list for PBXNativeTarget "AppointmentProject" */;
			buildPhases = (
				5E9ADBEA26A030A30080D0B8 /* Sources */,
				5E9ADBEB26A030A30080D0B8 /* Frameworks */,
				5E9ADBEC26A030A30080D0B8 /* Resources */,
			);
			buildRules = (
			);
			dependencies = (
			);
			name = AppointmentProject;
			productName = AppointmentProject;
			productReference = 5E9ADBEE26A030A30080D0B8 /* AppointmentProject.app */;
			productType = "com.apple.product-type.application";
		};
		5E9ADC0626A030A50080D0B8 /* AppointmentProjectTests */ = {
			isa = PBXNativeTarget;
			buildConfigurationList = 5E9ADC1E26A030A50080D0B8 /* Build configuration list for PBXNativeTarget "AppointmentProjectTests" */;
			buildPhases = (
				5E9ADC0326A030A50080D0B8 /* Sources */,
				5E9ADC0426A030A50080D0B8 /* Frameworks */,
				5E9ADC0526A030A50080D0B8 /* Resources */,
			);
			buildRules = (
			);
			dependencies = (
				5E9ADC0926A030A50080D0B8 /* PBXTargetDependency */,
			);
			name = AppointmentProjectTests;
			productName = AppointmentProjectTests;
			productReference = 5E9ADC0726A030A50080D0B8 /* AppointmentProjectTests.xctest */;
			productType = "com.apple.product-type.bundle.unit-test";
		};
		5E9ADC1126A030A50080D0B8 /* AppointmentProjectUITests */ = {
			isa = PBXNativeTarget;
			buildConfigurationList = 5E9ADC2126A030A50080D0B8 /* Build configuration list for PBXNativeTarget "AppointmentProjectUITests" */;
			buildPhases = (
				5E9ADC0E26A030A50080D0B8 /* Sources */,
				5E9ADC0F26A030A50080D0B8 /* Frameworks */,
				5E9ADC1026A030A50080D0B8 /* Resources */,
			);
			buildRules = (
			);
			dependencies = (
				5E9ADC1426A030A50080D0B8 /* PBXTargetDependency */,
			);
			name = AppointmentProjectUITests;
			productName = AppointmentProjectUITests;
			productReference = 5E9ADC1226A030A50080D0B8 /* AppointmentProjectUITests.xctest */;
			productType = "com.apple.product-type.bundle.ui-testing";
		};
/* End PBXNativeTarget section */

/* Begin PBXProject section */
		5E9ADBE626A030A30080D0B8 /* Project object */ = {
			isa = PBXProject;
			attributes = {
				LastSwiftUpdateCheck = 1250;
				LastUpgradeCheck = 1250;
				TargetAttributes = {
					5E9ADBED26A030A30080D0B8 = {
						CreatedOnToolsVersion = 12.5.1;
					};
					5E9ADC0626A030A50080D0B8 = {
						CreatedOnToolsVersion = 12.5.1;
						TestTargetID = 5E9ADBED26A030A30080D0B8;
					};
					5E9ADC1126A030A50080D0B8 = {
						CreatedOnToolsVersion = 12.5.1;
						TestTargetID = 5E9ADBED26A030A30080D0B8;
					};
				};
			};
			buildConfigurationList = 5E9ADBE926A030A30080D0B8 /* Build configuration list for PBXProject "AppointmentProject" */;
			compatibilityVersion = "Xcode 9.3";
			developmentRegion = en;
			hasScannedForEncodings = 0;
			knownRegions = (
				en,
				Base,
			);
			mainGroup = 5E9ADBE526A030A30080D0B8;
			productRefGroup = 5E9ADBEF26A030A30080D0B8 /* Products */;
			projectDirPath = "";
			projectRoot = "";
			targets = (
				5E9ADBED26A030A30080D0B8 /* AppointmentProject */,
				5E9ADC0626A030A50080D0B8 /* AppointmentProjectTests */,
				5E9ADC1126A030A50080D0B8 /* AppointmentProjectUITests */,
			);
		};
/* End PBXProject section */

/* Begin PBXResourcesBuildPhase section */
		5E9ADBEC26A030A30080D0B8 /* Resources */ = {
			isa = PBXResourcesBuildPhase;
			buildActionMask = 2147483647;
			files = (
				5E9ADC0126A030A50080D0B8 /* LaunchScreen.storyboard in Resources */,
				5E9ADBFE26A030A50080D0B8 /* Assets.xcassets in Resources */,
				5E9ADBF926A030A30080D0B8 /* Main.storyboard in Resources */,
			);
			runOnlyForDeploymentPostprocessing = 0;
		};
		5E9ADC0526A030A50080D0B8 /* Resources */ = {
			isa = PBXResourcesBuildPhase;
			buildActionMask = 2147483647;
			files = (
			);
			runOnlyForDeploymentPostprocessing = 0;
		};
		5E9ADC1026A030A50080D0B8 /* Resources */ = {
			isa = PBXResourcesBuildPhase;
			buildActionMask = 2147483647;
			files = (
			);
			runOnlyForDeploymentPostprocessing = 0;
		};
/* End PBXResourcesBuildPhase section */

/* Begin PBXSourcesBuildPhase section */
		5E9ADBEA26A030A30080D0B8 /* Sources */ = {
			isa = PBXSourcesBuildPhase;
			buildActionMask = 2147483647;
			files = (
				5E9ADBF626A030A30080D0B8 /* ViewController.swift in Sources */,
				5E9ADBFC26A030A30080D0B8 /* AppointmentProject.xcdatamodeld in Sources */,
				5E9ADBF226A030A30080D0B8 /* AppDelegate.swift in Sources */,
				5E9ADBF426A030A30080D0B8 /* SceneDelegate.swift in Sources */,
			);
			runOnlyForDeploymentPostprocessing = 0;
		};
		5E9ADC0326A030A50080D0B8 /* Sources */ = {
			isa = PBXSourcesBuildPhase;
			buildActionMask = 2147483647;
			files = (
				5E9ADC0C26A030A50080D0B8 /* AppointmentProjectTests.swift in Sources */,
			);
			runOnlyForDeploymentPostprocessing = 0;
		};
		5E9ADC0E26A030A50080D0B8 /* Sources */ = {
			isa = PBXSourcesBuildPhase;
			buildActionMask = 2147483647;
			files = (
				5E9ADC1726A030A50080D0B8 /* AppointmentProjectUITests.swift in Sources */,
			);
			runOnlyForDeploymentPostprocessing = 0;
		};
/* End PBXSourcesBuildPhase section */

/* Begin PBXTargetDependency section */
		5E9ADC0926A030A50080D0B8 /* PBXTargetDependency */ = {
			isa = PBXTargetDependency;
			target = 5E9ADBED26A030A30080D0B8 /* AppointmentProject */;
			targetProxy = 5E9ADC0826A030A50080D0B8 /* PBXContainerItemProxy */;
		};
		5E9ADC1426A030A50080D0B8 /* PBXTargetDependency */ = {
			isa = PBXTargetDependency;
			target = 5E9ADBED26A030A30080D0B8 /* AppointmentProject */;
			targetProxy = 5E9ADC1326A030A50080D0B8 /* PBXContainerItemProxy */;
		};
/* End PBXTargetDependency section */

/* Begin PBXVariantGroup section */
		5E9ADBF726A030A30080D0B8 /* Main.storyboard */ = {
			isa = PBXVariantGroup;
			children = (
				5E9ADBF826A030A30080D0B8 /* Base */,
			);
			name = Main.storyboard;
			sourceTree = "<group>";
		};
		5E9ADBFF26A030A50080D0B8 /* LaunchScreen.storyboard */ = {
			isa = PBXVariantGroup;
			children = (
				5E9ADC0026A030A50080D0B8 /* Base */,
			);
			name = LaunchScreen.storyboard;
			sourceTree = "<group>";
		};
/* End PBXVariantGroup section */

/* Begin XCBuildConfiguration section */
		5E9ADC1926A030A50080D0B8 /* Debug */ = {
			isa = XCBuildConfiguration;
			buildSettings = {
				ALWAYS_SEARCH_USER_PATHS = NO;
				CLANG_ANALYZER_NONNULL = YES;
				CLANG_ANALYZER_NUMBER_OBJECT_CONVERSION = YES_AGGRESSIVE;
				CLANG_CXX_LANGUAGE_STANDARD = "gnu++14";
				CLANG_CXX_LIBRARY = "libc++";
				CLANG_ENABLE_MODULES = YES;
				CLANG_ENABLE_OBJC_ARC = YES;
				CLANG_ENABLE_OBJC_WEAK = YES;
				CLANG_WARN_BLOCK_CAPTURE_AUTORELEASING = YES;
				CLANG_WARN_BOOL_CONVERSION = YES;
				CLANG_WARN_COMMA = YES;
				CLANG_WARN_CONSTANT_CONVERSION = YES;
				CLANG_WARN_DEPRECATED_OBJC_IMPLEMENTATIONS = YES;
				CLANG_WARN_DIRECT_OBJC_ISA_USAGE = YES_ERROR;
				CLANG_WARN_DOCUMENTATION_COMMENTS = YES;
				CLANG_WARN_EMPTY_BODY = YES;
				CLANG_WARN_ENUM_CONVERSION = YES;
				CLANG_WARN_INFINITE_RECURSION = YES;
				CLANG_WARN_INT_CONVERSION = YES;
				CLANG_WARN_NON_LITERAL_NULL_CONVERSION = YES;
				CLANG_WARN_OBJC_IMPLICIT_RETAIN_SELF = YES;
				CLANG_WARN_OBJC_LITERAL_CONVERSION = YES;
				CLANG_WARN_OBJC_ROOT_CLASS = YES_ERROR;
				CLANG_WARN_QUOTED_INCLUDE_IN_FRAMEWORK_HEADER = YES;
				CLANG_WARN_RANGE_LOOP_ANALYSIS = YES;
				CLANG_WARN_STRICT_PROTOTYPES = YES;
				CLANG_WARN_SUSPICIOUS_MOVE = YES;
				CLANG_WARN_UNGUARDED_AVAILABILITY = YES_AGGRESSIVE;
				CLANG_WARN_UNREACHABLE_CODE = YES;
				CLANG_WARN__DUPLICATE_METHOD_MATCH = YES;
				COPY_PHASE_STRIP = NO;
				DEBUG_INFORMATION_FORMAT = dwarf;
				ENABLE_STRICT_OBJC_MSGSEND = YES;
				ENABLE_TESTABILITY = YES;
				GCC_C_LANGUAGE_STANDARD = gnu11;
				GCC_DYNAMIC_NO_PIC = NO;
				GCC_NO_COMMON_BLOCKS = YES;
				GCC_OPTIMIZATION_LEVEL = 0;
				GCC_PREPROCESSOR_DEFINITIONS = (
					"DEBUG=1",
					"$(inherited)",
				);
				GCC_WARN_64_TO_32_BIT_CONVERSION = YES;
				GCC_WARN_ABOUT_RETURN_TYPE = YES_ERROR;
				GCC_WARN_UNDECLARED_SELECTOR = YES;
				GCC_WARN_UNINITIALIZED_AUTOS = YES_AGGRESSIVE;
				GCC_WARN_UNUSED_FUNCTION = YES;
				GCC_WARN_UNUSED_VARIABLE = YES;
				IPHONEOS_DEPLOYMENT_TARGET = 14.5;
				MTL_ENABLE_DEBUG_INFO = INCLUDE_SOURCE;
				MTL_FAST_MATH = YES;
				ONLY_ACTIVE_ARCH = YES;
				SDKROOT = iphoneos;
				SWIFT_ACTIVE_COMPILATION_CONDITIONS = DEBUG;
				SWIFT_OPTIMIZATION_LEVEL = "-Onone";
			};
			name = Debug;
		};
		5E9ADC1A26A030A50080D0B8 /* Release */ = {
			isa = XCBuildConfiguration;
			buildSettings = {
				ALWAYS_SEARCH_USER_PATHS = NO;
				CLANG_ANALYZER_NONNULL = YES;
				CLANG_ANALYZER_NUMBER_OBJECT_CONVERSION = YES_AGGRESSIVE;
				CLANG_CXX_LANGUAGE_STANDARD = "gnu++14";
				CLANG_CXX_LIBRARY = "libc++";
				CLANG_ENABLE_MODULES = YES;
				CLANG_ENABLE_OBJC_ARC = YES;
				CLANG_ENABLE_OBJC_WEAK = YES;
				CLANG_WARN_BLOCK_CAPTURE_AUTORELEASING = YES;
				CLANG_WARN_BOOL_CONVERSION = YES;
				CLANG_WARN_COMMA = YES;
				CLANG_WARN_CONSTANT_CONVERSION = YES;
				CLANG_WARN_DEPRECATED_OBJC_IMPLEMENTATIONS = YES;
				CLANG_WARN_DIRECT_OBJC_ISA_USAGE = YES_ERROR;
				CLANG_WARN_DOCUMENTATION_COMMENTS = YES;
				CLANG_WARN_EMPTY_BODY = YES;
				CLANG_WARN_ENUM_CONVERSION = YES;
				CLANG_WARN_INFINITE_RECURSION = YES;
				CLANG_WARN_INT_CONVERSION = YES;
				CLANG_WARN_NON_LITERAL_NULL_CONVERSION = YES;
				CLANG_WARN_OBJC_IMPLICIT_RETAIN_SELF = YES;
				CLANG_WARN_OBJC_LITERAL_CONVERSION = YES;
				CLANG_WARN_OBJC_ROOT_CLASS = YES_ERROR;
				CLANG_WARN_QUOTED_INCLUDE_IN_FRAMEWORK_HEADER = YES;
				CLANG_WARN_RANGE_LOOP_ANALYSIS = YES;
				CLANG_WARN_STRICT_PROTOTYPES = YES;
				CLANG_WARN_SUSPICIOUS_MOVE = YES;
				CLANG_WARN_UNGUARDED_AVAILABILITY = YES_AGGRESSIVE;
				CLANG_WARN_UNREACHABLE_CODE = YES;
				CLANG_WARN__DUPLICATE_METHOD_MATCH = YES;
				COPY_PHASE_STRIP = NO;
				DEBUG_INFORMATION_FORMAT = "dwarf-with-dsym";
				ENABLE_NS_ASSERTIONS = NO;
				ENABLE_STRICT_OBJC_MSGSEND = YES;
				GCC_C_LANGUAGE_STANDARD = gnu11;
				GCC_NO_COMMON_BLOCKS = YES;
				GCC_WARN_64_TO_32_BIT_CONVERSION = YES;
				GCC_WARN_ABOUT_RETURN_TYPE = YES_ERROR;
				GCC_WARN_UNDECLARED_SELECTOR = YES;
				GCC_WARN_UNINITIALIZED_AUTOS = YES_AGGRESSIVE;
				GCC_WARN_UNUSED_FUNCTION = YES;
				GCC_WARN_UNUSED_VARIABLE = YES;
				IPHONEOS_DEPLOYMENT_TARGET = 14.5;
				MTL_ENABLE_DEBUG_INFO = NO;
				MTL_FAST_MATH = YES;
				SDKROOT = iphoneos;
				SWIFT_COMPILATION_MODE = wholemodule;
				SWIFT_OPTIMIZATION_LEVEL = "-O";
				VALIDATE_PRODUCT = YES;
			};
			name = Release;
		};
		5E9ADC1C26A030A50080D0B8 /* Debug */ = {
			isa = XCBuildConfiguration;
			buildSettings = {
				ASSETCATALOG_COMPILER_APPICON_NAME = AppIcon;
				ASSETCATALOG_COMPILER_GLOBAL_ACCENT_COLOR_NAME = AccentColor;
				CODE_SIGN_STYLE = Automatic;
				DEVELOPMENT_TEAM = FUF7HHD92K;
				INFOPLIST_FILE = AppointmentProject/Info.plist;
				LD_RUNPATH_SEARCH_PATHS = (
					"$(inherited)",
					"@executable_path/Frameworks",
				);
				PRODUCT_BUNDLE_IDENTIFIER = GeorgeTeam.AppointmentProject;
				PRODUCT_NAME = "$(TARGET_NAME)";
				SWIFT_VERSION = 5.0;
				TARGETED_DEVICE_FAMILY = "1,2";
			};
			name = Debug;
		};
		5E9ADC1D26A030A50080D0B8 /* Release */ = {
			isa = XCBuildConfiguration;
			buildSettings = {
				ASSETCATALOG_COMPILER_APPICON_NAME = AppIcon;
				ASSETCATALOG_COMPILER_GLOBAL_ACCENT_COLOR_NAME = AccentColor;
				CODE_SIGN_STYLE = Automatic;
				DEVELOPMENT_TEAM = FUF7HHD92K;
				INFOPLIST_FILE = AppointmentProject/Info.plist;
				LD_RUNPATH_SEARCH_PATHS = (
					"$(inherited)",
					"@executable_path/Frameworks",
				);
				PRODUCT_BUNDLE_IDENTIFIER = GeorgeTeam.AppointmentProject;
				PRODUCT_NAME = "$(TARGET_NAME)";
				SWIFT_VERSION = 5.0;
				TARGETED_DEVICE_FAMILY = "1,2";
			};
			name = Release;
		};
		5E9ADC1F26A030A50080D0B8 /* Debug */ = {
			isa = XCBuildConfiguration;
			buildSettings = {
				ALWAYS_EMBED_SWIFT_STANDARD_LIBRARIES = YES;
				BUNDLE_LOADER = "$(TEST_HOST)";
				CODE_SIGN_STYLE = Automatic;
				DEVELOPMENT_TEAM = FUF7HHD92K;
				INFOPLIST_FILE = AppointmentProjectTests/Info.plist;
				IPHONEOS_DEPLOYMENT_TARGET = 14.5;
				LD_RUNPATH_SEARCH_PATHS = (
					"$(inherited)",
					"@executable_path/Frameworks",
					"@loader_path/Frameworks",
				);
				PRODUCT_BUNDLE_IDENTIFIER = GeorgeTeam.AppointmentProjectTests;
				PRODUCT_NAME = "$(TARGET_NAME)";
				SWIFT_VERSION = 5.0;
				TARGETED_DEVICE_FAMILY = "1,2";
				TEST_HOST = "$(BUILT_PRODUCTS_DIR)/AppointmentProject.app/AppointmentProject";
			};
			name = Debug;
		};
		5E9ADC2026A030A50080D0B8 /* Release */ = {
			isa = XCBuildConfiguration;
			buildSettings = {
				ALWAYS_EMBED_SWIFT_STANDARD_LIBRARIES = YES;
				BUNDLE_LOADER = "$(TEST_HOST)";
				CODE_SIGN_STYLE = Automatic;
				DEVELOPMENT_TEAM = FUF7HHD92K;
				INFOPLIST_FILE = AppointmentProjectTests/Info.plist;
				IPHONEOS_DEPLOYMENT_TARGET = 14.5;
				LD_RUNPATH_SEARCH_PATHS = (
					"$(inherited)",
					"@executable_path/Frameworks",
					"@loader_path/Frameworks",
				);
				PRODUCT_BUNDLE_IDENTIFIER = GeorgeTeam.AppointmentProjectTests;
				PRODUCT_NAME = "$(TARGET_NAME)";
				SWIFT_VERSION = 5.0;
				TARGETED_DEVICE_FAMILY = "1,2";
				TEST_HOST = "$(BUILT_PRODUCTS_DIR)/AppointmentProject.app/AppointmentProject";
			};
			name = Release;
		};
		5E9ADC2226A030A50080D0B8 /* Debug */ = {
			isa = XCBuildConfiguration;
			buildSettings = {
				ALWAYS_EMBED_SWIFT_STANDARD_LIBRARIES = YES;
				CODE_SIGN_STYLE = Automatic;
				DEVELOPMENT_TEAM = FUF7HHD92K;
				INFOPLIST_FILE = AppointmentProjectUITests/Info.plist;
				LD_RUNPATH_SEARCH_PATHS = (
					"$(inherited)",
					"@executable_path/Frameworks",
					"@loader_path/Frameworks",
				);
				PRODUCT_BUNDLE_IDENTIFIER = GeorgeTeam.AppointmentProjectUITests;
				PRODUCT_NAME = "$(TARGET_NAME)";
				SWIFT_VERSION = 5.0;
				TARGETED_DEVICE_FAMILY = "1,2";
				TEST_TARGET_NAME = AppointmentProject;
			};
			name = Debug;
		};
		5E9ADC2326A030A50080D0B8 /* Release */ = {
			isa = XCBuildConfiguration;
			buildSettings = {
				ALWAYS_EMBED_SWIFT_STANDARD_LIBRARIES = YES;
				CODE_SIGN_STYLE = Automatic;
				DEVELOPMENT_TEAM = FUF7HHD92K;
				INFOPLIST_FILE = AppointmentProjectUITests/Info.plist;
				LD_RUNPATH_SEARCH_PATHS = (
					"$(inherited)",
					"@executable_path/Frameworks",
					"@loader_path/Frameworks",
				);
				PRODUCT_BUNDLE_IDENTIFIER = GeorgeTeam.AppointmentProjectUITests;
				PRODUCT_NAME = "$(TARGET_NAME)";
				SWIFT_VERSION = 5.0;
				TARGETED_DEVICE_FAMILY = "1,2";
				TEST_TARGET_NAME = AppointmentProject;
			};
			name = Release;
		};
/* End XCBuildConfiguration section */

/* Begin XCConfigurationList section */
		5E9ADBE926A030A30080D0B8 /* Build configuration list for PBXProject "AppointmentProject" */ = {
			isa = XCConfigurationList;
			buildConfigurations = (
				5E9ADC1926A030A50080D0B8 /* Debug */,
				5E9ADC1A26A030A50080D0B8 /* Release */,
			);
			defaultConfigurationIsVisible = 0;
			defaultConfigurationName = Release;
		};
		5E9ADC1B26A030A50080D0B8 /* Build configuration list for PBXNativeTarget "AppointmentProject" */ = {
			isa = XCConfigurationList;
			buildConfigurations = (
				5E9ADC1C26A030A50080D0B8 /* Debug */,
				5E9ADC1D26A030A50080D0B8 /* Release */,
			);
			defaultConfigurationIsVisible = 0;
			defaultConfigurationName = Release;
		};
		5E9ADC1E26A030A50080D0B8 /* Build configuration list for PBXNativeTarget "AppointmentProjectTests" */ = {
			isa = XCConfigurationList;
			buildConfigurations = (
				5E9ADC1F26A030A50080D0B8 /* Debug */,
				5E9ADC2026A030A50080D0B8 /* Release */,
			);
			defaultConfigurationIsVisible = 0;
			defaultConfigurationName = Release;
		};
		5E9ADC2126A030A50080D0B8 /* Build configuration list for PBXNativeTarget "AppointmentProjectUITests" */ = {
			isa = XCConfigurationList;
			buildConfigurations = (
				5E9ADC2226A030A50080D0B8 /* Debug */,
				5E9ADC2326A030A50080D0B8 /* Release */,
			);
			defaultConfigurationIsVisible = 0;
			defaultConfigurationName = Release;
		};
/* End XCConfigurationList section */

/* Begin XCVersionGroup section */
		5E9ADBFA26A030A30080D0B8 /* AppointmentProject.xcdatamodeld */ = {
			isa = XCVersionGroup;
			children = (
				5E9ADBFB26A030A30080D0B8 /* AppointmentProject.xcdatamodel */,
			);
			currentVersion = 5E9ADBFB26A030A30080D0B8 /* AppointmentProject.xcdatamodel */;
			path = AppointmentProject.xcdatamodeld;
			sourceTree = "<group>";
			versionGroupType = wrapper.xcdatamodel;
		};
/* End XCVersionGroup section */
	};
	rootObject = 5E9ADBE626A030A30080D0B8 /* Project object */;
}
